schema: '2.0'
stages:
  subsample_model_input:
    cmd:
    - uv run python ./scripts/data/model_input/build.py --input-dir 
      ./data/01_model_input/yolo_train_val --output-dir 
      ./data/01_model_input/yolo_train_val_small --sampling-ratio 0.05 
      --random-seed 0 --loglevel info
    deps:
    - path: ./data/01_model_input/yolo_train_val
      hash: md5
      md5: fdfd35a4ac94ba1468938f7e173cfc6c.dir
      size: 1735515846
      nfiles: 29627
    - path: ./scripts/data/model_input/build.py
      hash: md5
      md5: 7607af10f59267cf9859cb1d372aff26
      size: 6432
    outs:
    - path: ./data/01_model_input/yolo_train_val_small
      hash: md5
      md5: e63ef47d8416c4817469f4fe55903b66.dir
      size: 222775525
      nfiles: 3939
  train_yolo_baseline:
    cmd:
    - uv run python ./scripts/model/yolo/train.py --data 
      ./data/01_model_input/yolo_train_val_small/datasets/data.yaml --config 
      ./scripts/model/yolo/configs/baseline.yaml --output-dir 
      ./data/02_models/yolo/ --experiment-name baseline --loglevel info
    deps:
    - path: ./data/01_model_input/yolo_train_val_small/
      hash: md5
      md5: e63ef47d8416c4817469f4fe55903b66.dir
      size: 222775525
      nfiles: 3939
    - path: ./scripts/model/yolo/configs/baseline.yaml
      hash: md5
      md5: 7e5f15f6be649fdc6ded2badd0224b61
      size: 47
    - path: ./scripts/model/yolo/train.py
      hash: md5
      md5: ec596bafe76e946d0770be47b34db816
      size: 3873
    outs:
    - path: ./data/02_models/yolo/baseline
      hash: md5
      md5: 4bec09fbb10c6a3618f79c22f19d356d.dir
      size: 11839587
      nfiles: 21
  train_yolo_best:
    cmd:
    - uv run python ./scripts/data/model_input/build.py --input-dir 
      ./data/01_model_input/yolo_train_val --output-dir 
      ./data/01_model_input/yolo_train_val_small --sampling-ratio 1 
      --random-seed 0 --loglevel info
    - uv run python ./scripts/model/yolo/train.py --data 
      ./data/01_model_input/yolo_train_val_small/datasets/data.yaml --config 
      ./scripts/model/yolo/configs/best.yaml --output-dir ./data/02_models/yolo/
      --experiment-name best --loglevel info
    deps:
    - path: ./data/01_model_input/yolo_train_val
      hash: md5
      md5: 409302377938ce2a82f5338f3145cbbc.dir
      size: 1914167911
      nfiles: 32201
    - path: ./scripts/data/model_input/build.py
      hash: md5
      md5: 7607af10f59267cf9859cb1d372aff26
      size: 6432
    - path: ./scripts/model/yolo/configs/best.yaml
      hash: md5
      md5: 82ab9c26b11cfc5f72e1398bfceeb838
      size: 194
    - path: ./scripts/model/yolo/train.py
      hash: md5
      md5: ec596bafe76e946d0770be47b34db816
      size: 3873
    outs:
    - path: ./data/02_models/yolo/best
      hash: md5
      md5: 0e3617cd00b6a1985129110757bca1a0.dir
      size: 44813862
      nfiles: 24
  build_manifest_yolo_best:
    cmd:
    - uv run python ./scripts/model/yolo/build_manifest.py --save-dir 
      ./data/03_reporting/yolo/best/ --dir-model ./data/02_models/yolo/best/ 
      --loglevel info
    deps:
    - path: ./data/02_models/yolo/best/
      hash: md5
      md5: 0e3617cd00b6a1985129110757bca1a0.dir
      size: 44813862
      nfiles: 24
    - path: ./scripts/model/yolo/build_manifest.py
      hash: md5
      md5: 494e7a9e52fb74ae3a371b9438d33682
      size: 3014
    outs:
    - path: ./data/03_reporting/yolo/best/
      hash: md5
      md5: c01eb3ce79f23e0999d3220813c01881.dir
      size: 13529
      nfiles: 1
  export_yolo_best@onnx-cpu:
    cmd:
    - uv run python ./scripts/model/yolo/export.py --output-dir 
      ./data/02_models/yolo-export/best/ --model-dir ./data/02_models/yolo/best/
      --format onnx --device cpu --loglevel info
    deps:
    - path: ./data/02_models/yolo/best/
      hash: md5
      md5: 0e3617cd00b6a1985129110757bca1a0.dir
      size: 44813862
      nfiles: 24
    - path: ./scripts/model/yolo/export.py
      hash: md5
      md5: 3d65796d064f204e4847fce93ee8ef46
      size: 3648
    outs:
    - path: ./data/02_models/yolo-export/best/onnx/cpu
      hash: md5
      md5: 3e101e69ac72dc3109be7afd2b61aa4a.dir
      size: 38532985
      nfiles: 1
  export_yolo_best@onnx-mps:
    cmd:
    - uv run python ./scripts/model/yolo/export.py --output-dir 
      ./data/02_models/yolo-export/best/ --model-dir ./data/02_models/yolo/best/
      --format onnx --device mps --loglevel info
    deps:
    - path: ./data/02_models/yolo/best/
      hash: md5
      md5: 3e6507d8d2bc028c2799bf615dae5d08.dir
      size: 43849333
      nfiles: 24
    - path: ./scripts/model/yolo/export.py
      hash: md5
      md5: 3d65796d064f204e4847fce93ee8ef46
      size: 3648
    outs:
    - path: ./data/02_models/yolo-export/best/onnx/mps
      hash: md5
      md5: d62c35ef82626b96af091a0125b1a4e0.dir
      size: 38163894
      nfiles: 1
  export_yolo_best@ncnn-cpu:
    cmd:
    - uv run python ./scripts/model/yolo/export.py --output-dir 
      ./data/02_models/yolo-export/best/ --model-dir ./data/02_models/yolo/best/
      --format ncnn --device cpu --loglevel info
    deps:
    - path: ./data/02_models/yolo/best/
      hash: md5
      md5: 0e3617cd00b6a1985129110757bca1a0.dir
      size: 44813862
      nfiles: 24
    - path: ./scripts/model/yolo/export.py
      hash: md5
      md5: 3d65796d064f204e4847fce93ee8ef46
      size: 3648
    outs:
    - path: ./data/02_models/yolo-export/best/ncnn/cpu
      hash: md5
      md5: f6f1f2b316198f427a51b3b8335e7b7c.dir
      size: 38001906
      nfiles: 5
  export_yolo_best@ncnn-mps:
    cmd:
    - uv run python ./scripts/model/yolo/export.py --output-dir 
      ./data/02_models/yolo-export/best/ --model-dir ./data/02_models/yolo/best/
      --format ncnn --device mps --loglevel info
    deps:
    - path: ./data/02_models/yolo/best/
      hash: md5
      md5: 3e6507d8d2bc028c2799bf615dae5d08.dir
      size: 43849333
      nfiles: 24
    - path: ./scripts/model/yolo/export.py
      hash: md5
      md5: 3d65796d064f204e4847fce93ee8ef46
      size: 3648
    outs:
    - path: ./data/02_models/yolo-export/best/ncnn/mps
      hash: md5
      md5: dd0bd9fcc6896aafdaaea48e94cd125c.dir
      size: 38001888
      nfiles: 5
  fetch_model_input:
    cmd:
    - uv run dvc get https://github.com/pyronear/pyro-dataset 
      data/processed/yolo_train_val_corrected --rev v4.0.0-corrected --out 
      ./data/01_model_input/yolo_train_val || uv run dvc get 
      git@github.com:pyronear/pyro-dataset.git 
      data/processed/yolo_train_val_corrected --rev v4.0.0-corrected --out 
      ./data/01_model_input/yolo_train_val
    outs:
    - path: ./data/01_model_input/yolo_train_val
      hash: md5
      md5: 409302377938ce2a82f5338f3145cbbc.dir
      size: 1914167911
      nfiles: 32201
  fetch_sequential_val:
    cmd:
    - uv run dvc get https://github.com/pyronear/pyro-dataset 
      data/processed/sequential_train_val/val --rev v4.0.0-corrected --out 
      ./data/01_model_input/sequential_train_val/val || uv run dvc get 
      git@github.com:pyronear/pyro-dataset.git 
      data/processed/sequential_train_val/val --rev v4.0.0-corrected --out 
      ./data/01_model_input/sequential_train_val/val
    outs:
    - path: ./data/01_model_input/sequential_train_val/val
      hash: md5
      md5: 652f9f7e73f297b782ed68e1b4844cce.dir
      size: 671953151
      nfiles: 11478
  evaluate_sequential_yolo_best:
    cmd:
    - uv run python ./scripts/model/yolo/evaluate_sequential.py --model-path 
      ./data/02_models/yolo-export/best/onnx/cpu/best.onnx --data-dir 
      ./data/01_model_input/sequential_train_val/val --output-dir 
      ./data/03_reporting/yolo/sequential/best/ --max-frames 15 --loglevel 
      warning --force-cpu
    deps:
    - path: ./data/01_model_input/sequential_train_val/val
      hash: md5
      md5: 2ca47638a4b0cc9ca7d4011376c54e45.dir
      size: 631259421
      nfiles: 12448
    - path: ./data/02_models/yolo-export/best/onnx/cpu
      hash: md5
      md5: 7c34c4326c3922a9e35a7142aba6ce6f.dir
      size: 38452425
      nfiles: 1
    - path: ./scripts/model/yolo/evaluate_sequential.py
      hash: md5
      md5: 2e3cbddd3142874d2127fc875c9faca7
      size: 8450
    outs:
    - path: ./data/03_reporting/yolo/sequential/best/
      hash: md5
      md5: 93d5fb63078e1f20386e9e5be7a2c839.dir
      size: 39230
      nfiles: 1
  predict_sequential_val:
    cmd:
    - uv run python predict_sequential.py --model-path 
      ./data/02_models/yolo/best/weights/best.pt --data-dir 
      ./data/01_model_input/sequential_train_val/val --labels-dir 
      ./data/03_reporting/sequential/predictions_labels_val
    deps:
    - path: ./data/01_model_input/sequential_train_val/val
      hash: md5
      md5: 652f9f7e73f297b782ed68e1b4844cce.dir
      size: 671953151
      nfiles: 11478
    - path: ./data/02_models/yolo/best/weights/best.pt
      hash: md5
      md5: 550d1b91fb93e52cf233166b03405a10
      size: 19225626
    - path: predict_sequential.py
      hash: md5
      md5: 01105704d08d0fa6a9286d0dc6d167f2
      size: 4500
    outs:
    - path: ./data/03_reporting/sequential/predictions_labels_val
      hash: md5
      md5: 796a49a2802fa773158ca168a680f12c.dir
      size: 109228
      nfiles: 3340
  optimize_sequential_val:
    cmd:
    - uv run python optimize_sequential.py --labels-dir 
      ./data/03_reporting/sequential/predictions_labels_val --min-frames 8 
      --output ./data/03_reporting/sequential/grid_search_val.tsv --output-top 
      ./data/03_reporting/sequential/grid_search_val_top20.tsv --top-n 20
    deps:
    - path: ./data/03_reporting/sequential/predictions_labels_val
      hash: md5
      md5: 796a49a2802fa773158ca168a680f12c.dir
      size: 109228
      nfiles: 3340
    - path: optimize_sequential.py
      hash: md5
      md5: 115eb45048da93018f7ea86b5f954270
      size: 8645
    outs:
    - path: ./data/03_reporting/sequential/grid_search_val.tsv
      hash: md5
      md5: aa6f9da227c79d6ffa2903e7b9a3d18b
      size: 1873
    - path: ./data/03_reporting/sequential/grid_search_val_top20.tsv
      hash: md5
      md5: dd8e0aa4c8bc678deb27acbdd911c065
      size: 973
