schema: '2.0'
stages:
  subsample_model_input:
    cmd:
    - uv run python ./scripts/data/model_input/build.py --input-dir ./data/03_model_input/yolo_train_val
      --output-dir ./data/03_model_input/yolo_train_val_small --sampling-ratio 0.05
      --random-seed 0 --loglevel info
    deps:
    - path: ./data/03_model_input/yolo_train_val
      hash: md5
      md5: 59610506cfd790893372724a8a94796b.dir
      size: 1740466451
      nfiles: 29630
    - path: ./scripts/data/model_input/build.py
      hash: md5
      md5: edd6252c8af6ee457d136e9f793a8788
      size: 6424
    outs:
    - path: ./data/03_model_input/yolo_train_val_small
      hash: md5
      md5: 356325c2dd3b17c5a987570e032877ef.dir
      size: 225562248
      nfiles: 3939
  train_yolo_baseline:
    cmd:
    - uv run python ./scripts/model/yolo/train.py --data ./data/03_model_input/yolo_train_val_small/datasets/data.yaml
      --config ./scripts/model/yolo/configs/baseline.yaml --output-dir ./data/04_models/yolo/
      --experiment-name baseline --loglevel info
    deps:
    - path: ./data/03_model_input/yolo_train_val_small/
      hash: md5
      md5: 356325c2dd3b17c5a987570e032877ef.dir
      size: 225562248
      nfiles: 3939
    - path: ./scripts/model/yolo/configs/baseline.yaml
      hash: md5
      md5: 7e5f15f6be649fdc6ded2badd0224b61
      size: 47
    - path: ./scripts/model/yolo/train.py
      hash: md5
      md5: 687e5feda0c28bd6db793716da952d59
      size: 3873
    outs:
    - path: ./data/04_models/yolo/baseline
      hash: md5
      md5: e862b53bf715350935a1e019f208a1a5.dir
      size: 12009100
      nfiles: 22
  train_yolo_best:
    cmd:
    - uv run python ./scripts/model/yolo/train.py --data ./data/03_model_input/yolo_train_val_small/datasets/data.yaml
      --config ./scripts/model/yolo/configs/best.yaml --output-dir ./data/04_models/yolo/
      --experiment-name best --loglevel info
    deps:
    - path: ./data/03_model_input/yolo_train_val/
      hash: md5
      md5: 59610506cfd790893372724a8a94796b.dir
      size: 1740466451
      nfiles: 29630
    - path: ./scripts/model/yolo/configs/best.yaml
      hash: md5
      md5: e7383fe50fd3c2a6fcab4153a55245ff
      size: 191
    - path: ./scripts/model/yolo/train.py
      hash: md5
      md5: 687e5feda0c28bd6db793716da952d59
      size: 3873
    outs:
    - path: ./data/04_models/yolo/best
      hash: md5
      md5: 30f23a8ca09792071c7d3fa5d7739b0d.dir
      size: 39245616
      nfiles: 21
  build_manifest_yolo_best:
    cmd:
    - uv run python ./scripts/model/yolo/build_manifest.py --save-dir ./data/06_reporting/yolo/best/
      --dir-model ./data/04_models/yolo/best/ --loglevel info
    deps:
    - path: ./data/04_models/yolo/best/
      hash: md5
      md5: 30f23a8ca09792071c7d3fa5d7739b0d.dir
      size: 39245616
      nfiles: 21
    - path: ./scripts/model/yolo/build_manifest.py
      hash: md5
      md5: 62d6e70d46ca0be219015bdf4bbbe829
      size: 3112
    outs:
    - path: ./data/06_reporting/yolo/best/
      hash: md5
      md5: b762102e5cf6cac16ec1c014ce667a7f.dir
      size: 7431
      nfiles: 1
  export_yolo_best@onnx-cpu:
    cmd:
    - uv run python ./scripts/model/yolo/export.py --output-dir ./data/04_models/yolo-export/best/
      --model-dir ./data/04_models/yolo/best/ --format onnx --device cpu --loglevel
      info
    deps:
    - path: ./data/04_models/yolo/best/
      hash: md5
      md5: 30f23a8ca09792071c7d3fa5d7739b0d.dir
      size: 39245616
      nfiles: 21
    - path: ./scripts/model/yolo/export.py
      hash: md5
      md5: f802dc25c594eaccee9e83c02bd14cdd
      size: 3648
    outs:
    - path: ./data/04_models/yolo-export/best/onnx/cpu
      hash: md5
      md5: 52f96e2568a9fc1e256db9f8739acd8d.dir
      size: 37804476
      nfiles: 1
  export_yolo_best@onnx-mps:
    cmd:
    - uv run python ./scripts/model/yolo/export.py --output-dir ./data/04_models/yolo-export/best/
      --model-dir ./data/04_models/yolo/best/ --format onnx --device mps --loglevel
      info
    deps:
    - path: ./data/04_models/yolo/best/
      hash: md5
      md5: 30f23a8ca09792071c7d3fa5d7739b0d.dir
      size: 39245616
      nfiles: 21
    - path: ./scripts/model/yolo/export.py
      hash: md5
      md5: f802dc25c594eaccee9e83c02bd14cdd
      size: 3648
    outs:
    - path: ./data/04_models/yolo-export/best/onnx/mps
      hash: md5
      md5: fb5485a0fecdf18b3e8eb82f3b6049c6.dir
      size: 37804476
      nfiles: 1
  export_yolo_best@ncnn-cpu:
    cmd:
    - uv run python ./scripts/model/yolo/export.py --output-dir ./data/04_models/yolo-export/best/
      --model-dir ./data/04_models/yolo/best/ --format ncnn --device cpu --loglevel
      info
    deps:
    - path: ./data/04_models/yolo/best/
      hash: md5
      md5: 30f23a8ca09792071c7d3fa5d7739b0d.dir
      size: 39245616
      nfiles: 21
    - path: ./scripts/model/yolo/export.py
      hash: md5
      md5: f802dc25c594eaccee9e83c02bd14cdd
      size: 3648
    outs:
    - path: ./data/04_models/yolo-export/best/ncnn/cpu
      hash: md5
      md5: 088ffc4f21a83e66252ab5ea603febdb.dir
      size: 37744786
      nfiles: 5
