schema: '2.0'
stages:
  subsample_model_input:
    cmd:
    - uv run python ./scripts/data/model_input/build.py --input-dir ./data/03_model_input/yolo_train_val
      --output-dir ./data/03_model_input/yolo_train_val_small --sampling-ratio 0.05
      --random-seed 0 --loglevel info
    deps:
    - path: ./data/03_model_input/yolo_train_val
      hash: md5
      md5: 59610506cfd790893372724a8a94796b.dir
      size: 1740466451
      nfiles: 29630
    - path: ./scripts/data/model_input/build.py
      hash: md5
      md5: edd6252c8af6ee457d136e9f793a8788
      size: 6424
    outs:
    - path: ./data/03_model_input/yolo_train_val_small
      hash: md5
      md5: 356325c2dd3b17c5a987570e032877ef.dir
      size: 225562248
      nfiles: 3939
  train_yolo_baseline:
    cmd:
    - uv run python ./scripts/model/yolo/train.py --data ./data/03_model_input/yolo_train_val_small/datasets/data.yaml
      --config ./scripts/model/yolo/configs/baseline.yaml --output-dir ./data/04_models/yolo/
      --experiment-name baseline --loglevel info
    deps:
    - path: ./data/03_model_input/yolo_train_val_small/
      hash: md5
      md5: 356325c2dd3b17c5a987570e032877ef.dir
      size: 225562248
      nfiles: 3939
    - path: ./scripts/model/yolo/configs/baseline.yaml
      hash: md5
      md5: 7e5f15f6be649fdc6ded2badd0224b61
      size: 47
    - path: ./scripts/model/yolo/train.py
      hash: md5
      md5: 687e5feda0c28bd6db793716da952d59
      size: 3873
    outs:
    - path: ./data/04_models/yolo/baseline
      hash: md5
      md5: e862b53bf715350935a1e019f208a1a5.dir
      size: 12009100
      nfiles: 22
  train_yolo_best:
    cmd:
    - uv run python ./scripts/model/yolo/train.py --data ./data/03_model_input/yolo_train_val_small/datasets/data.yaml
      --config ./scripts/model/yolo/configs/best.yaml --output-dir ./data/04_models/yolo/
      --experiment-name best --loglevel info
    deps:
    - path: ./data/03_model_input/yolo_train_val/
      hash: md5
      md5: 59610506cfd790893372724a8a94796b.dir
      size: 1740466451
      nfiles: 29630
    - path: ./scripts/model/yolo/configs/best.yaml
      hash: md5
      md5: 438713e6ecb0bb0d0c3aa388440b00d0
      size: 174
    - path: ./scripts/model/yolo/train.py
      hash: md5
      md5: 687e5feda0c28bd6db793716da952d59
      size: 3873
    outs:
    - path: ./data/04_models/yolo/best
      hash: md5
      md5: d8b9763470ab9a93e1744f08a931c797.dir
      size: 11928030
      nfiles: 22
  build_manifest_yolo_best:
    cmd:
    - uv run python ./scripts/model/yolo/build_manifest.py --save-dir ./data/06_reporting/yolo/best/
      --dir-model ./data/04_models/yolo/best/ --loglevel info
    deps:
    - path: ./data/04_models/yolo/best/
      hash: md5
      md5: d8b9763470ab9a93e1744f08a931c797.dir
      size: 11928030
      nfiles: 22
    - path: ./scripts/model/yolo/build_manifest.py
      hash: md5
      md5: 62d6e70d46ca0be219015bdf4bbbe829
      size: 3112
    outs:
    - path: ./data/06_reporting/yolo/best/
      hash: md5
      md5: 4c314b0c42f248b0c0dbdf01cb80b9d6.dir
      size: 5076
      nfiles: 1
  export_yolo_best@onnx-cpu:
    cmd:
    - uv run python ./scripts/model/yolo/export.py --output-dir ./data/04_models/yolo-export/best/
      --model-dir ./data/04_models/yolo/best/ --format onnx --device cpu --loglevel
      info
    deps:
    - path: ./data/04_models/yolo/best/
      hash: md5
      md5: d8b9763470ab9a93e1744f08a931c797.dir
      size: 11928030
      nfiles: 22
    - path: ./scripts/model/yolo/export.py
      hash: md5
      md5: f802dc25c594eaccee9e83c02bd14cdd
      size: 3648
    outs:
    - path: ./data/04_models/yolo-export/best/onnx/cpu
      hash: md5
      md5: 718c7351d1223828503a2b83b383e6ba.dir
      size: 10481497
      nfiles: 1
  export_yolo_best@onnx-mps:
    cmd:
    - uv run python ./scripts/model/yolo/export.py --output-dir ./data/04_models/yolo-export/best/
      --model-dir ./data/04_models/yolo/best/ --format onnx --device mps --loglevel
      info
    deps:
    - path: ./data/04_models/yolo/best/
      hash: md5
      md5: d8b9763470ab9a93e1744f08a931c797.dir
      size: 11928030
      nfiles: 22
    - path: ./scripts/model/yolo/export.py
      hash: md5
      md5: f802dc25c594eaccee9e83c02bd14cdd
      size: 3648
    outs:
    - path: ./data/04_models/yolo-export/best/onnx/mps
      hash: md5
      md5: d646d3b0c12c39197064dfaaedc8e64b.dir
      size: 10481497
      nfiles: 1
